
Microsoft Visual Studio Solution File, Format Version 12.00
# Visual Studio 15
VisualStudioVersion = 15.0.26430.4
MinimumVisualStudioVersion = 10.0.40219.1
Project("{FAE04EC0-301F-11D3-BF4B-00C04F79EFBC}") = "Fibonacci Sequence", "Fibonacci Sequence.csproj", "{0101699E-B611-4141-98E0-4242AA363F38}"
EndProject
Project("{FAE04EC0-301F-11D3-BF4B-00C04F79EFBC}") = "Fibonacci Sequence CL", "..\Fibonacci Sequence CL\Fibonacci Sequence CL.csproj", "{E5547D27-9E43-42E1-8B90-470C449089AC}"
EndProject
Global
	GlobalSection(SolutionConfigurationPlatforms) = preSolution
		Debug|Any CPU = Debug|Any CPU
		Release|Any CPU = Release|Any CPU
	EndGlobalSection
	GlobalSection(ProjectConfigurationPlatforms) = postSolution
		{0101699E-B611-4141-98E0-4242AA363F38}.Debug|Any CPU.ActiveCfg = Debug|Any CPU
		{0101699E-B611-4141-98E0-4242AA363F38}.Debug|Any CPU.Build.0 = Debug|Any CPU
		{0101699E-B611-4141-98E0-4242AA363F38}.Release|Any CPU.ActiveCfg = Release|Any CPU
		{0101699E-B611-4141-98E0-4242AA363F38}.Release|Any CPU.Build.0 = Release|Any CPU
		{E5547D27-9E43-42E1-8B90-470C449089AC}.Debug|Any CPU.ActiveCfg = Debug|Any CPU
		{E5547D27-9E43-42E1-8B90-470C449089AC}.Debug|Any CPU.Build.0 = Debug|Any CPU
		{E5547D27-9E43-42E1-8B90-470C449089AC}.Release|Any CPU.ActiveCfg = Release|Any CPU
		{E5547D27-9E43-42E1-8B90-470C449089AC}.Release|Any CPU.Build.0 = Release|Any CPU
	EndGlobalSection
	GlobalSection(SolutionProperties) = preSolution
		HideSolutionNode = FALSE
	EndGlobalSection
EndGlobal
